
Microsoft Visual Studio Solution File, Format Version 12.00
# Visual Studio Version 17
VisualStudioVersion = 17.0.31903.59
MinimumVisualStudioVersion = 10.0.40219.1
Project("{2150E333-8FDC-42A3-9474-1A3956D46DE8}") = "server", "server", "{EB687BB3-56EA-4454-94F4-CE9CDC7B7A05}"
EndProject
Project("{FAE04EC0-301F-11D3-BF4B-00C04F79EFBC}") = "WebApplication", "server\WebApplication\WebApplication.csproj", "{DCBEBB3A-57A3-4D04-B2A0-7797D0C5C038}"
EndProject
Global
	GlobalSection(SolutionConfigurationPlatforms) = preSolution
		Debug|Any CPU = Debug|Any CPU
		Release|Any CPU = Release|Any CPU
	EndGlobalSection
	GlobalSection(SolutionProperties) = preSolution
		HideSolutionNode = FALSE
	EndGlobalSection
	GlobalSection(ProjectConfigurationPlatforms) = postSolution
		{DCBEBB3A-57A3-4D04-B2A0-7797D0C5C038}.Debug|Any CPU.ActiveCfg = Debug|Any CPU
		{DCBEBB3A-57A3-4D04-B2A0-7797D0C5C038}.Debug|Any CPU.Build.0 = Debug|Any CPU
		{DCBEBB3A-57A3-4D04-B2A0-7797D0C5C038}.Release|Any CPU.ActiveCfg = Release|Any CPU
		{DCBEBB3A-57A3-4D04-B2A0-7797D0C5C038}.Release|Any CPU.Build.0 = Release|Any CPU
	EndGlobalSection
	GlobalSection(NestedProjects) = preSolution
		{DCBEBB3A-57A3-4D04-B2A0-7797D0C5C038} = {EB687BB3-56EA-4454-94F4-CE9CDC7B7A05}
	EndGlobalSection
EndGlobal
